
Microsoft Visual Studio Solution File, Format Version 12.00
# Visual Studio Version 17
VisualStudioVersion = 17.14.36221.1 d17.14
MinimumVisualStudioVersion = 10.0.40219.1
Project("{FAE04EC0-301F-11D3-BF4B-00C04F79EFBC}") = "ConsoleApp1", "ConsoleApp1.csproj", "{576487A5-0687-405F-BCB6-6DB5443C6327}"
EndProject
Global
	GlobalSection(SolutionConfigurationPlatforms) = preSolution
		Debug|Any CPU = Debug|Any CPU
		Release|Any CPU = Release|Any CPU
	EndGlobalSection
	GlobalSection(ProjectConfigurationPlatforms) = postSolution
		{576487A5-0687-405F-BCB6-6DB5443C6327}.Debug|Any CPU.ActiveCfg = Debug|Any CPU
		{576487A5-0687-405F-BCB6-6DB5443C6327}.Debug|Any CPU.Build.0 = Debug|Any CPU
		{576487A5-0687-405F-BCB6-6DB5443C6327}.Release|Any CPU.ActiveCfg = Release|Any CPU
		{576487A5-0687-405F-BCB6-6DB5443C6327}.Release|Any CPU.Build.0 = Release|Any CPU
	EndGlobalSection
	GlobalSection(SolutionProperties) = preSolution
		HideSolutionNode = FALSE
	EndGlobalSection
	GlobalSection(ExtensibilityGlobals) = postSolution
		SolutionGuid = {C2103770-A950-4C2E-A412-BAFC3B0C010A}
	EndGlobalSection
EndGlobal
